github.com/bytedance/sonic v1.9.10 h1:mv4p+MHvx+IhYTmB9ItAI6SV5kR7cxIi3jHJfMN9qc=
github.com/bytedance/sonic v1.9.10/go.mod h1:qwPWnhz6pn0NnRvL6roZkKAimKEsi5P+89gVR8akcM=
github.com/cespare/xxhash/v2 v2.2.0 h1:DC2OnBfta8aYetMkZo3V6zFJJNCs1 tyQgbQH53mVOfM=
github.com/cespare/xxhash/v2 v2.2.0/go.mod h1:VGX0DQ3Q6Gist3IrVNWJsM7B6B2aRPToBA+7tOA855c=
github.com/chenzhuoyu/iasm v0.9.1 h1:tY3gVao+v7o6+O1tajBJOradcev8Rmtotged3CfAjc=
github.com/chenzhuoyu/iasm v0.9.1/go.mod h1:Bea0e9979b3I6R/kstHz8gIILEfwbhtfzrqlaI1g6kA=
github.com/davecgh/go-spew v1.1.1/go.mod h1:J7Y8YcW2NsaXeum/0sAsTi9em/c9ZXKzQdQZKNjIKk=
github.com/dgryski/go-rendezvous v0.0.0-20200823014737-9f7001d12a5f h1:lO4WD4F/rVNCu3kVlSEBVJxLn7HWO7KR4V8Fxwwqc88=
github.com/dgryski/go-rendezvous v0.0.0-20200823014737-9f7001d12a5f/go.mod h1:cuUVRXasLrBGOstOS3TFVL7BvyEG76e1WM9e6zILNlA=
github.com/gabriel-vasile/mimetype v1.4.2 h1:w5qFW6JKBz9QmL/0A+Z5AxS/simple/bKF08od24MeaA=
github.com/gabriel-vasile/mimetype v1.4.2/go.mod h1:zApsH/mKG4w07erNFiQF3GJSnLe0K1yUv2SYYaXJ6A=
github.com/gin-contrib/sse v0.1.0 h1:Y/yl/+YNO8GZSvPWZk7vPaSiP9Crclpf5qqCt5fyA8=
github.com/gin-contrib/sse v0.1.0/go.mod h1:RHrZDqr7ijL+2E/B5+A7xAP2ww4os9dsDvzpak+Omega=
github.com/gin-gonic/gin v1.9.1 h1:4idEAncQnU5cB7BeXkJoc4rXIddWALhJx8z2NwctDA=
github.com/gin-gonic/gin v1.9.1/go.mod h1:hPrL7YrpYKXv5sFQyZsAvvf2fpWjLlwig+9ybtQSIw=
github.com/go-playground/locales v0.14.1 h1:EWaQ/wswjilfKLTECiXz7Rh+3BjFhfDFKv/oXslEjY=
github.com/go-playground/locales v0.14.1/go.mod h1:hxrqLVvrK65+Rwrd5Fc4F9ninio2uj4EwVqxIhkjq8=
github.com/go-playground/universal-translator v0.18.1 h1:Bcnm0ZwsGyWbxAxly3gJ91QcZzo9cotton2l36y23KS=
github.com/go-playground/universal-translator v0.18.1/go.mod h1:xO8axf9DP16TYaiFwo60sISAn301XqVWzvWantWQk0=
github.com/go-playground/validator/v10 v10.14.0 h1:vgvQWe3XCz3gIEV4xZiJjrDCSQD+5u8jE2/4eUMD64=
github.com/go-playground/validator/v10 v10.14.0/go.mod h1:9iXMozeSG5z3hB3zBEEwLC6F1x+I+gEjoL2tdUN5D4=
github.com/go-redis/redis/v8 v8.11.5 h1:QCqJ+3F4G4LFCN76YByStab8aW35yHs0zNOoHWiCC8=
github.com/go-redis/redis/v8 v8.11.5/go.mod h1:gREzHqY1hg6oD9ngVRbLg+XwUUzowWIqkwmevF7sDc=
github.com/goccy/go-json v0.10.2 h1:CqYfYLY3xR8U+yau/5u1t9UYL+sUINrWy0JyUX1kcU=
github.com/goccy/go-json v0.10.2/go.mod h1:/6UIAm1DgMGaZ+w75lvqtLc15PiVL26fq/BxqsKzKE=
github.com/golang/protobuf v1.5.0/go.mod h1:FsONVRAS9T7sI+LIUmWTfcYkHO4aIEAZLHHMVOEsQw=
github.com/golang/protobuf v1.5.3 h1:KwitQCVL410m+j8gu26y0mrI6r1riKK263ZFEo9F76=
github.com/golang/protobuf v1.5.3/go.mod h1:XVQd3VNwM+JqD3oG2ov4i6da6jG2Ps4+q5RGXMKzo=
github.com/google/go-cmp v0.5.5/go.mod h1:v8dTdLbMG2kIc/FSIx1BQrq+tJjr9gHS00gUZ8d26s=
github.com/google/uuid v1.3.0 h1:t6JiKe5+Z6GZvNRczpWJlWKJP+f0y1RWMP2i3kMLZs=
github.com/google/uuid v1.3.0/go.mod h1:TIyPZe4MgqvfeYDBFedMoGGpNw/VvqWvj285/eBODw=
github.com/json-iterator/go v1.1.12 h1:PV8peI4a0yS09DyWrtwEbZ9kqkNvlrXVLhVf206vT4=
github.com/json-iterator/go v1.1.12/go.mod h1:e30LSqwooZae7abqwEtL2f8q9/qQV8YJ08qbP6hPF4=
github.com/klauspost/cpuid/v2 v2.2.4 h1:acbojRNwMnSJjtStomERucqOiAxRTIC5Rj7voHm+Gc=
github.com/klauspost/cpuid/v2 v2.2.4/go.mod h1:RVVoqPznIQoidDx7DZP7StjwvWMEMf/9f0zB7/R2E8=
github.com/leodido/go-urn v1.2.4 h1:XlAE/cm/ms7TE/VMVoduSpNBoyc2dOxHSP/C+G7WCo=
github.com/leodido/go-urn v1.2.4/go.mod h1:7ZrI8mTSeBSHl/UaIjreH9UZ1dkwvgyGAT09tiiXEg=
github.com/lib/pq v1.10.9 h1:YXG7RB+JIjhP29X+OtkiDnNstKsPqwrUu93Q9wNyWw=
github.com/lib/pq v1.10.9/go.mod h1:AlVN5x4E4xnaC4nAaxo0QxVtI0xKJ2sgaJ5P6hWO7w=
github.com/mattn/go-isatty v0.0.20 h1:xfD0iDuEKFQ6ftxpkelExMVOBC73t3frrA5xwN1l0s=
github.com/mattn/go-isatty v0.0.20/go.mod h1:z1VGt3XAFrtrKeshB8BzLwueg1c6iZtQk7yeYvsXNs=
github.com/modern-go/concurrent v0.0.0-20230330173713-942fedbb3226 h1:aFB1D7+wY3fHpQXbB8r11LH6CqBDcEZzZJlYn18Q5E=
github.com/modern-go/concurrent v0.0.0-20230330173713-942fedbb3226/go.mod h1:xvqfNXEcqWGJ6qFIHEqRRCXdKKdR1lS25pu7BQUjU8=
github.com/modern-go/reflect2 v1.0.2 h1:xBagoLtFs94CBntxluKeaWgTMpvLxC4ur3nMaC34MC=
github.com/modern-go/reflect2 v1.0.2/go.mod h1:yWuevngMOJpCy4xA8vxy+V0DEffvxpLucPrime+NkL0=
github.com/pelletier/go-toml/v2 v2.0.8 h1:0ctb6s9mE31h0/lhu+J6OPmVP296ml7hGQamoV7j3k=
github.com/pelletier/go-toml/v2 v2.0.8/go.mod h1:vPE1HVn3kw0IsrKFMTYikZer2d+K+HrU5DvMttsUtM=
github.com/pmezard/go-difflib v1.0.0/go.mod h1:iKH77koFhYxTK1pcRnkGLp1M2LcZCUCUl/cbstRmXA=
github.com/stretchr/objx v0.1.0/go.mod h1:HFkY916IF+rwdDfaLvqKbSQQaEH7gCqtn6x1nakc6k=
github.com/stretchr/testify v1.3.0/go.mod h1:M5WIy9Dh21IEIfnGCwXCULzKo7Q5l5cl9MZ3vwT1Xs=
github.com/stretchr/testify v1.7.0/go.mod h1:6Fq8ohjok3NZHCS5PChDkQIWtocQl0jqMISQrayYiS=
github.com/stretchr/testify v1.8.1/go.mod h1:w2LPCIKwDwSCZ5exSoGv21X9QstKQoEby19K8rVncY=
github.com/ugorji/go/codec v1.2.11 h1:BMayhKoS77lEd9FqZJCaVAHGKPj3rw8K20TJKKKJW4=
github.com/ugorji/go/codec v1.2.11/go.mod h1:UNopynUgLVIC7PreZBstluZkp5V2B6DsrG7/2R/4E0=
golang.org/x/arch v0.5.0 h1:jpGode6huXQxcskEIpOCvrU4tEOx8msiYVbklKXWz90=
golang.org/x/arch v0.5.0/go.mod h1:5om86z9Hs0C8fYuonjbyGWLaLOu0kl688TSTC0kkYQ=
golang.org/x/crypto v0.18.0 h1:PGVlW0xEltQnzFZ55hkuX5+KLiNlw5DsL/kZkuVoJ0=
golang.org/x/crypto v0.18.0/go.mod h1:R0m6uQuy1+P7PGA8N+uBQxmS4sIF9zDqwFD18+p82I=
golang.org/x/net v0.18.0 h1:IBLnSC4cfg7xR9VVXRsoCow6QV2AEsckgoT7R57nJk=
golang.org/x/net v0.18.0/go.mod h1:Uh1q+B4BYcTPb+yiP3ua3HILJn7R3uQ+svqDGuwNsk=
golang.org/x/sys v0.14.0 h1:Vz3 MGclc4XchBHoakKj69fTLK2+0QO+0ws0G0α4Xk=
golang.org/x/sys v0.14.0/go.mod h1:/VUhepP7I5dsLgB2tcNkLJLL8ukVL6n0UaTCk2GUAU=
golang.org/x/text v0.13.0 h1:ablQoSUd0tRdKxZewy+7kvJd41mAnGaYVf7DqM9+J0=
golang.org/x/text v0.13.0/go.mod h1:FcMenuu2mwCV7P5khAXp8NwSTP65pFc/N7D6NF+yoM=
golang.org/x/xerrors v0.0.0-20191204190536-9bdfabe68543/go.mod h1:I/5z698sn9Ka8TeJc9MKroUUfqBBauWjQqLJ2OPfmY=
google.golang.org/genproto/googleapis/rpc v1.30.0 h1:hvIAXiDlQDEd+DLk1Wj8X2LCOWn8ktfXRHEXJUxNXk=
google.golang.org/genproto/googleapis/rpc v1.30.0/go.mod h1:ItOEzA60//rSFh1jvsGHpCh1qxYEEwci0eCXzChIJU=
google.golang.org/grpc v1.60.0 h1:6FQAR0kM31yYzdNr028BEKvQFjiyY5zVvv+rikihW8=
google.golang.org/grpc v1.60.0/go.mod h1:OlCHIieP5FpPA8aUIcLDkiiel2SeXrFmbxntIQZbaY=
google.golang.org/protobuf v1.26.0-rc.1/go.mod h1:jlhhOSvTGBvq0Em/MEHPzuSISU4kuvker/9SNNC7ZY=
google.golang.org/protobuf v1.31.0 h1:g0LDEJHgrBl9N9r17Ru3sqWhkIx2NB67okBHPwC7Yc=
google.golang.org/protobuf v1.31.0/go.mod h1:HXc8U+SMHVocrcwkT7NPEo3VhrUk7ETsr/xeDQZjRo=
gopkg.in/check.v1 v0.0.0-20161208181325-20d25e280405/go.mod h1:Co6ibVJAznAaIkqp8huTwlPUGdeOFT18/heZDqsSfQ=
gopkg.in/yaml.v2 v2.4.0/go.mod h1:RDklbk79AGWmwuP8AcaJvxWYcZuqbmspQoAfhCdc04=
gopkg.in/yaml.v3 v3.0.1 h1:fxVm/GzuluF3FS4JMPLx/dHscD8eNOuT3KlHVFnFiI=
gopkg.in/yaml.v3 v3.0.1/go.mod h1:K4uyk+87mYWqQjQ5TcQ0Au3fm/v96SEZeGODXYSwLiI=
